
Microsoft Visual Studio Solution File, Format Version 12.00
# Visual Studio Version 16
VisualStudioVersion = 16.0.28803.156
MinimumVisualStudioVersion = 10.0.40219.1
Project("{FAE04EC0-301F-11D3-BF4B-00C04F79EFBC}") = "Project1", "Project1\Project1.csproj", "{62C2BDCD-0956-447D-9091-AD07BF1EC1D1}"
EndProject
Global
	GlobalSection(SolutionConfigurationPlatforms) = preSolution
		Debug|Any CPU = Debug|Any CPU
		Release|Any CPU = Release|Any CPU
	EndGlobalSection
	GlobalSection(ProjectConfigurationPlatforms) = postSolution
		{62C2BDCD-0956-447D-9091-AD07BF1EC1D1}.Debug|Any CPU.ActiveCfg = Debug|Any CPU
		{62C2BDCD-0956-447D-9091-AD07BF1EC1D1}.Debug|Any CPU.Build.0 = Debug|Any CPU
		{62C2BDCD-0956-447D-9091-AD07BF1EC1D1}.Release|Any CPU.ActiveCfg = Release|Any CPU
		{62C2BDCD-0956-447D-9091-AD07BF1EC1D1}.Release|Any CPU.Build.0 = Release|Any CPU
	EndGlobalSection
	GlobalSection(SolutionProperties) = preSolution
		HideSolutionNode = FALSE
	EndGlobalSection
	GlobalSection(ExtensibilityGlobals) = postSolution
		SolutionGuid = {718F2509-5CCF-4730-B03D-A8D10BB81076}
	EndGlobalSection
EndGlobal
